
Microsoft Visual Studio Solution File, Format Version 12.00
# Visual Studio Version 17
VisualStudioVersion = 17.2.32616.157
MinimumVisualStudioVersion = 10.0.40219.1
Project("{FAE04EC0-301F-11D3-BF4B-00C04F79EFBC}") = "emulator intel", "emulator intel.csproj", "{A5F4EB73-2BE0-4F0D-9F1B-22B676BB0D56}"
EndProject
Global
	GlobalSection(SolutionConfigurationPlatforms) = preSolution
		Debug|Any CPU = Debug|Any CPU
		Release|Any CPU = Release|Any CPU
	EndGlobalSection
	GlobalSection(ProjectConfigurationPlatforms) = postSolution
		{A5F4EB73-2BE0-4F0D-9F1B-22B676BB0D56}.Debug|Any CPU.ActiveCfg = Debug|Any CPU
		{A5F4EB73-2BE0-4F0D-9F1B-22B676BB0D56}.Debug|Any CPU.Build.0 = Debug|Any CPU
		{A5F4EB73-2BE0-4F0D-9F1B-22B676BB0D56}.Release|Any CPU.ActiveCfg = Release|Any CPU
		{A5F4EB73-2BE0-4F0D-9F1B-22B676BB0D56}.Release|Any CPU.Build.0 = Release|Any CPU
	EndGlobalSection
	GlobalSection(SolutionProperties) = preSolution
		HideSolutionNode = FALSE
	EndGlobalSection
	GlobalSection(ExtensibilityGlobals) = postSolution
		SolutionGuid = {24E5FA90-6C39-4F44-AA2E-5EC62E23CCF0}
	EndGlobalSection
EndGlobal
